
Microsoft Visual Studio Solution File, Format Version 12.00
# Visual Studio Version 16
VisualStudioVersion = 16.0.31105.61
MinimumVisualStudioVersion = 10.0.40219.1
Project("{9A19103F-16F7-4668-BE54-9A1E7A4F7556}") = "WADark", "WADark\WADark.csproj", "{ADDD895E-257D-453D-8471-C3962976185E}"
EndProject
Global
	GlobalSection(SolutionConfigurationPlatforms) = preSolution
		Debug|Any CPU = Debug|Any CPU
		Debug|x64 = Debug|x64
		Release|Any CPU = Release|Any CPU
		Release|x64 = Release|x64
	EndGlobalSection
	GlobalSection(ProjectConfigurationPlatforms) = postSolution
		{ADDD895E-257D-453D-8471-C3962976185E}.Debug|Any CPU.ActiveCfg = Debug|Any CPU
		{ADDD895E-257D-453D-8471-C3962976185E}.Debug|Any CPU.Build.0 = Debug|Any CPU
		{ADDD895E-257D-453D-8471-C3962976185E}.Debug|x64.ActiveCfg = Debug|x64
		{ADDD895E-257D-453D-8471-C3962976185E}.Debug|x64.Build.0 = Debug|x64
		{ADDD895E-257D-453D-8471-C3962976185E}.Release|Any CPU.ActiveCfg = Release|Any CPU
		{ADDD895E-257D-453D-8471-C3962976185E}.Release|Any CPU.Build.0 = Release|Any CPU
		{ADDD895E-257D-453D-8471-C3962976185E}.Release|x64.ActiveCfg = Release|x64
		{ADDD895E-257D-453D-8471-C3962976185E}.Release|x64.Build.0 = Release|x64
	EndGlobalSection
	GlobalSection(SolutionProperties) = preSolution
		HideSolutionNode = FALSE
	EndGlobalSection
	GlobalSection(ExtensibilityGlobals) = postSolution
		SolutionGuid = {523FA10F-4E7E-42DF-82E2-9F4BC5A7A85D}
	EndGlobalSection
EndGlobal
